
Microsoft Visual Studio Solution File, Format Version 12.00
# Visual Studio Version 17
VisualStudioVersion = 17.0.31912.275
MinimumVisualStudioVersion = 10.0.40219.1
Project("{9A19103F-16F7-4668-BE54-9A1E7A4F7556}") = "server", "server.csproj", "{BAA7CCBC-BAAE-434E-8ACF-488527F8D47D}"
EndProject
Global
	GlobalSection(SolutionConfigurationPlatforms) = preSolution
		Debug|Any CPU = Debug|Any CPU
		Release|Any CPU = Release|Any CPU
	EndGlobalSection
	GlobalSection(ProjectConfigurationPlatforms) = postSolution
		{BAA7CCBC-BAAE-434E-8ACF-488527F8D47D}.Debug|Any CPU.ActiveCfg = Debug|Any CPU
		{BAA7CCBC-BAAE-434E-8ACF-488527F8D47D}.Debug|Any CPU.Build.0 = Debug|Any CPU
		{BAA7CCBC-BAAE-434E-8ACF-488527F8D47D}.Release|Any CPU.ActiveCfg = Release|Any CPU
		{BAA7CCBC-BAAE-434E-8ACF-488527F8D47D}.Release|Any CPU.Build.0 = Release|Any CPU
	EndGlobalSection
	GlobalSection(SolutionProperties) = preSolution
		HideSolutionNode = FALSE
	EndGlobalSection
	GlobalSection(ExtensibilityGlobals) = postSolution
		SolutionGuid = {56E1F8DD-512D-4716-886E-469FBA484454}
	EndGlobalSection
EndGlobal
